
Microsoft Visual Studio Solution File, Format Version 12.00
# Visual Studio 15
VisualStudioVersion = 15.0.26430.16
MinimumVisualStudioVersion = 10.0.40219.1
Project("{2150E333-8FDC-42A3-9474-1A3956D46DE8}") = "Infrastructure", "Infrastructure", "{2012DD15-E9CF-4514-99C0-1AD061F8A7E9}"
EndProject
Project("{9A19103F-16F7-4668-BE54-9A1E7A4F7556}") = "Messaging.Infrastructure.Messaging", "src\Infrastructure\Messaging.Infrastructure.Messaging\Messaging.Infrastructure.Messaging.csproj", "{7D5201A2-598F-47B0-94C8-9A41202D9FA8}"
EndProject
Project("{9A19103F-16F7-4668-BE54-9A1E7A4F7556}") = "Messaging.Infrastructure.Messaging.ZeroMq", "src\Infrastructure\Messaging.Infrastructure.Messaging.ZeroMq\Messaging.Infrastructure.Messaging.ZeroMq.csproj", "{00525BB4-6884-4264-BBC7-DA08319E796F}"
EndProject
Project("{2150E333-8FDC-42A3-9474-1A3956D46DE8}") = "tests", "tests", "{50E0D745-170B-4659-8620-E4B49DE84102}"
EndProject
Project("{2150E333-8FDC-42A3-9474-1A3956D46DE8}") = "EndToEndTests", "EndToEndTests", "{BE85D1D4-F61A-429B-AF41-1B64BA5F3177}"
EndProject
Project("{2150E333-8FDC-42A3-9474-1A3956D46DE8}") = "ZeroMq", "ZeroMq", "{04B583AA-8B99-452B-B2FD-0EB644BBF297}"
EndProject
Project("{9A19103F-16F7-4668-BE54-9A1E7A4F7556}") = "Tests.ZeroMq.ConsoleApp", "tests\EndToEndTests\ZeroMq\Tests.ZeroMq.ConsoleApp\Tests.ZeroMq.ConsoleApp.csproj", "{83646FA0-CFF7-4269-A16A-F6ECDF536C71}"
EndProject
Project("{9A19103F-16F7-4668-BE54-9A1E7A4F7556}") = "Tests.ZeroMq.WebApi", "tests\EndToEndTests\ZeroMq\Tests.ZeroMq.WebApi\Tests.ZeroMq.WebApi.csproj", "{7E4F508C-78C5-44D7-90FC-F44F789DFCAD}"
EndProject
Project("{9A19103F-16F7-4668-BE54-9A1E7A4F7556}") = "Messaging.Infrastructure.Common", "src\Infrastructure\Messaging.Infrastructure.Common\Messaging.Infrastructure.Common.csproj", "{A78F1AAE-6CDE-48F3-8ABC-5EB2165C6533}"
EndProject
Project("{9A19103F-16F7-4668-BE54-9A1E7A4F7556}") = "Tests.ZeroMq.CommandQuery", "tests\EndToEndTests\ZeroMq\Tests.ZeroMq.CommandQuery\Tests.ZeroMq.CommandQuery.csproj", "{3FFD15A5-7696-4AD4-8D68-9FFA66249104}"
EndProject
Project("{2150E333-8FDC-42A3-9474-1A3956D46DE8}") = "LoadTest", "LoadTest", "{D70269AE-91C0-4CA7-8491-7BE05555ECF6}"
EndProject
Project("{9A19103F-16F7-4668-BE54-9A1E7A4F7556}") = "ReqRep.Server", "tests\EndToEndTests\ZeroMq\LoadTest\ReqRep\ReqRep.Server.csproj", "{003FA35C-FE8D-48E9-962C-2325421DE279}"
EndProject
Project("{9A19103F-16F7-4668-BE54-9A1E7A4F7556}") = "ReqRep.Client", "tests\EndToEndTests\ZeroMq\LoadTest\ReqRep.Client\ReqRep.Client.csproj", "{1F1CDA48-A3D7-4932-B06B-52F45A806137}"
EndProject
Project("{2150E333-8FDC-42A3-9474-1A3956D46DE8}") = "PubSub", "PubSub", "{CD83F0CD-E440-4A1A-BF1A-E235D0A4096D}"
EndProject
Project("{9A19103F-16F7-4668-BE54-9A1E7A4F7556}") = "Tests.ZeroMq.PubSub.ConsoleApp", "tests\EndToEndTests\ZeroMq\PubSub\Tests.ZeroMq.PubSub.ConsoleApp\Tests.ZeroMq.PubSub.ConsoleApp.csproj", "{E9D5E3B5-22CA-4F15-93C2-45B898DC6B0A}"
EndProject
Project("{9A19103F-16F7-4668-BE54-9A1E7A4F7556}") = "Tests.ZeroMq.PubSub.ConsoleAppClient", "tests\EndToEndTests\ZeroMq\PubSub\Tests.ZeroMq.PubSub.ConsoleAppClient\Tests.ZeroMq.PubSub.ConsoleAppClient.csproj", "{51EC0EC3-A616-40DD-9FA0-FC55A563A964}"
EndProject
Project("{2150E333-8FDC-42A3-9474-1A3956D46DE8}") = "Mix", "Mix", "{40F56A27-A822-470B-977D-490FFB9D7A1C}"
EndProject
Project("{9A19103F-16F7-4668-BE54-9A1E7A4F7556}") = "Tests.ZeroMq.Mix.Client", "tests\EndToEndTests\ZeroMq\Mix\Tests.ZeroMq.Mix.ConsoleApp\Tests.ZeroMq.Mix.Client.csproj", "{DACC0F4C-4707-464A-99CA-AD93F84455EB}"
EndProject
Project("{9A19103F-16F7-4668-BE54-9A1E7A4F7556}") = "Tests.ZeroMq.Mix.Server", "tests\EndToEndTests\ZeroMq\Mix\Tests.ZeroMq.Mix.Server\Tests.ZeroMq.Mix.Server.csproj", "{E75B2F45-A7C3-4128-B165-0AF871FC8B57}"
EndProject
Project("{9A19103F-16F7-4668-BE54-9A1E7A4F7556}") = "Messaging.Infrastructure.Messaging.RabbitMq", "src\Infrastructure\Messaging.Infrastructure.Messaging.RabbitMq\Messaging.Infrastructure.Messaging.RabbitMq.csproj", "{D8026F0A-D24E-4793-83C8-88A6B17CBE65}"
EndProject
Project("{2150E333-8FDC-42A3-9474-1A3956D46DE8}") = "RabbitMq", "RabbitMq", "{23F79171-E4D8-47A1-A7E2-7A62BF5A5DE0}"
EndProject
Project("{9A19103F-16F7-4668-BE54-9A1E7A4F7556}") = "RabbitMq.SimpleTest.Client", "tests\EndToEndTests\RabbitMq\SimpleTest\SimpleTest.Client\RabbitMq.SimpleTest.Client.csproj", "{B46149E7-6BE3-440F-9112-205C6A8D34EA}"
EndProject
Project("{2150E333-8FDC-42A3-9474-1A3956D46DE8}") = "SimpleTest", "SimpleTest", "{36AB7A70-AD5B-497B-A83E-F573FA11D324}"
EndProject
Project("{9A19103F-16F7-4668-BE54-9A1E7A4F7556}") = "RabbitMq.SimpleTest.Server", "tests\EndToEndTests\RabbitMq\SimpleTest\SimpleTest.Server\RabbitMq.SimpleTest.Server.csproj", "{52678F72-06A6-40B0-AF0B-E8328780A08C}"
EndProject
Project("{2150E333-8FDC-42A3-9474-1A3956D46DE8}") = "MessagingTest", "MessagingTest", "{90AC4B4A-C81A-496F-B1E7-BB33E37AB537}"
EndProject
Project("{9A19103F-16F7-4668-BE54-9A1E7A4F7556}") = "RabbitMq.MessagingTest.Client", "tests\EndToEndTests\RabbitMq\MessagingTest\RabbitMq.MessagingTest.Client\RabbitMq.MessagingTest.Client.csproj", "{77141E21-C24E-47DD-A638-B283AC935782}"
EndProject
Project("{9A19103F-16F7-4668-BE54-9A1E7A4F7556}") = "RabbitMq.MessagingTest.Server", "tests\EndToEndTests\RabbitMq\MessagingTest\RabbitMq.MessagingTest.Server\RabbitMq.MessagingTest.Server.csproj", "{0F212D67-0315-43B7-A430-9752113DC47C}"
EndProject
Project("{9A19103F-16F7-4668-BE54-9A1E7A4F7556}") = "CommonClassLibrary", "tests\EndToEndTests\CommonClassLibrary\CommonClassLibrary.csproj", "{6764856F-3D88-499F-8174-2CF790BC556F}"
EndProject
Project("{2150E333-8FDC-42A3-9474-1A3956D46DE8}") = "Rpc", "Rpc", "{7049656C-7AF8-4AFF-B311-559A5BEEC548}"
EndProject
Project("{9A19103F-16F7-4668-BE54-9A1E7A4F7556}") = "RabbitMq.RpcTest.Client", "tests\EndToEndTests\RabbitMq\Rpc\RabbitMq.RpcTest.Client\RabbitMq.RpcTest.Client.csproj", "{7F0AB85C-1C8B-40FC-9B95-5A13865E6817}"
EndProject
Project("{9A19103F-16F7-4668-BE54-9A1E7A4F7556}") = "RabbitMq.RpcTest.Server", "tests\EndToEndTests\RabbitMq\Rpc\RabbitMq.RpcTest.Server\RabbitMq.RpcTest.Server.csproj", "{AE9C6AA1-BEE0-4C83-B1B8-7E131A69E4B4}"
EndProject
Project("{9A19103F-16F7-4668-BE54-9A1E7A4F7556}") = "RabbitMq.MessagingRpcTest.Client", "tests\EndToEndTests\RabbitMq\Rpc\RabbitMq.MessagingRpcTest.Client\RabbitMq.MessagingRpcTest.Client.csproj", "{5A891E27-D14D-481A-BED9-0418974435E9}"
EndProject
Project("{9A19103F-16F7-4668-BE54-9A1E7A4F7556}") = "RabbitMq.MessagingRpcTest.Server", "tests\EndToEndTests\RabbitMq\Rpc\RabbitMq.MessagingRpcTest.Server\RabbitMq.MessagingRpcTest.Server.csproj", "{40953CCC-8F2D-4769-BA6C-BE71BE50D68F}"
EndProject
Project("{2150E333-8FDC-42A3-9474-1A3956D46DE8}") = "PubSub", "PubSub", "{17765B10-5126-4312-84F9-E26C6C1B8C5E}"
EndProject
Project("{FAE04EC0-301F-11D3-BF4B-00C04F79EFBC}") = "RabbitMq.PubSub.Client", "tests\EndToEndTests\RabbitMq\PubSub\RabbitMq.PubSub.Client\RabbitMq.PubSub.Client.csproj", "{924600A0-5AF6-4B3C-902F-A3667A783E16}"
EndProject
Project("{FAE04EC0-301F-11D3-BF4B-00C04F79EFBC}") = "RabbitMq.PubSub.Server", "tests\EndToEndTests\RabbitMq\PubSub\RabbitMq.PubSub.Server\RabbitMq.PubSub.Server.csproj", "{9F01AC46-45A7-4FE9-9290-0880FCADF83C}"
EndProject
Global
	GlobalSection(SolutionConfigurationPlatforms) = preSolution
		Debug|Any CPU = Debug|Any CPU
		Release|Any CPU = Release|Any CPU
	EndGlobalSection
	GlobalSection(ProjectConfigurationPlatforms) = postSolution
		{7D5201A2-598F-47B0-94C8-9A41202D9FA8}.Debug|Any CPU.ActiveCfg = Debug|Any CPU
		{7D5201A2-598F-47B0-94C8-9A41202D9FA8}.Debug|Any CPU.Build.0 = Debug|Any CPU
		{7D5201A2-598F-47B0-94C8-9A41202D9FA8}.Release|Any CPU.ActiveCfg = Release|Any CPU
		{7D5201A2-598F-47B0-94C8-9A41202D9FA8}.Release|Any CPU.Build.0 = Release|Any CPU
		{00525BB4-6884-4264-BBC7-DA08319E796F}.Debug|Any CPU.ActiveCfg = Debug|Any CPU
		{00525BB4-6884-4264-BBC7-DA08319E796F}.Debug|Any CPU.Build.0 = Debug|Any CPU
		{00525BB4-6884-4264-BBC7-DA08319E796F}.Release|Any CPU.ActiveCfg = Release|Any CPU
		{00525BB4-6884-4264-BBC7-DA08319E796F}.Release|Any CPU.Build.0 = Release|Any CPU
		{83646FA0-CFF7-4269-A16A-F6ECDF536C71}.Debug|Any CPU.ActiveCfg = Debug|Any CPU
		{83646FA0-CFF7-4269-A16A-F6ECDF536C71}.Debug|Any CPU.Build.0 = Debug|Any CPU
		{83646FA0-CFF7-4269-A16A-F6ECDF536C71}.Release|Any CPU.ActiveCfg = Release|Any CPU
		{83646FA0-CFF7-4269-A16A-F6ECDF536C71}.Release|Any CPU.Build.0 = Release|Any CPU
		{7E4F508C-78C5-44D7-90FC-F44F789DFCAD}.Debug|Any CPU.ActiveCfg = Debug|Any CPU
		{7E4F508C-78C5-44D7-90FC-F44F789DFCAD}.Debug|Any CPU.Build.0 = Debug|Any CPU
		{7E4F508C-78C5-44D7-90FC-F44F789DFCAD}.Release|Any CPU.ActiveCfg = Release|Any CPU
		{7E4F508C-78C5-44D7-90FC-F44F789DFCAD}.Release|Any CPU.Build.0 = Release|Any CPU
		{A78F1AAE-6CDE-48F3-8ABC-5EB2165C6533}.Debug|Any CPU.ActiveCfg = Debug|Any CPU
		{A78F1AAE-6CDE-48F3-8ABC-5EB2165C6533}.Debug|Any CPU.Build.0 = Debug|Any CPU
		{A78F1AAE-6CDE-48F3-8ABC-5EB2165C6533}.Release|Any CPU.ActiveCfg = Release|Any CPU
		{A78F1AAE-6CDE-48F3-8ABC-5EB2165C6533}.Release|Any CPU.Build.0 = Release|Any CPU
		{3FFD15A5-7696-4AD4-8D68-9FFA66249104}.Debug|Any CPU.ActiveCfg = Debug|Any CPU
		{3FFD15A5-7696-4AD4-8D68-9FFA66249104}.Debug|Any CPU.Build.0 = Debug|Any CPU
		{3FFD15A5-7696-4AD4-8D68-9FFA66249104}.Release|Any CPU.ActiveCfg = Release|Any CPU
		{3FFD15A5-7696-4AD4-8D68-9FFA66249104}.Release|Any CPU.Build.0 = Release|Any CPU
		{003FA35C-FE8D-48E9-962C-2325421DE279}.Debug|Any CPU.ActiveCfg = Debug|Any CPU
		{003FA35C-FE8D-48E9-962C-2325421DE279}.Debug|Any CPU.Build.0 = Debug|Any CPU
		{003FA35C-FE8D-48E9-962C-2325421DE279}.Release|Any CPU.ActiveCfg = Release|Any CPU
		{003FA35C-FE8D-48E9-962C-2325421DE279}.Release|Any CPU.Build.0 = Release|Any CPU
		{1F1CDA48-A3D7-4932-B06B-52F45A806137}.Debug|Any CPU.ActiveCfg = Debug|Any CPU
		{1F1CDA48-A3D7-4932-B06B-52F45A806137}.Debug|Any CPU.Build.0 = Debug|Any CPU
		{1F1CDA48-A3D7-4932-B06B-52F45A806137}.Release|Any CPU.ActiveCfg = Release|Any CPU
		{1F1CDA48-A3D7-4932-B06B-52F45A806137}.Release|Any CPU.Build.0 = Release|Any CPU
		{E9D5E3B5-22CA-4F15-93C2-45B898DC6B0A}.Debug|Any CPU.ActiveCfg = Debug|Any CPU
		{E9D5E3B5-22CA-4F15-93C2-45B898DC6B0A}.Debug|Any CPU.Build.0 = Debug|Any CPU
		{E9D5E3B5-22CA-4F15-93C2-45B898DC6B0A}.Release|Any CPU.ActiveCfg = Release|Any CPU
		{E9D5E3B5-22CA-4F15-93C2-45B898DC6B0A}.Release|Any CPU.Build.0 = Release|Any CPU
		{51EC0EC3-A616-40DD-9FA0-FC55A563A964}.Debug|Any CPU.ActiveCfg = Debug|Any CPU
		{51EC0EC3-A616-40DD-9FA0-FC55A563A964}.Debug|Any CPU.Build.0 = Debug|Any CPU
		{51EC0EC3-A616-40DD-9FA0-FC55A563A964}.Release|Any CPU.ActiveCfg = Release|Any CPU
		{51EC0EC3-A616-40DD-9FA0-FC55A563A964}.Release|Any CPU.Build.0 = Release|Any CPU
		{DACC0F4C-4707-464A-99CA-AD93F84455EB}.Debug|Any CPU.ActiveCfg = Debug|Any CPU
		{DACC0F4C-4707-464A-99CA-AD93F84455EB}.Debug|Any CPU.Build.0 = Debug|Any CPU
		{DACC0F4C-4707-464A-99CA-AD93F84455EB}.Release|Any CPU.ActiveCfg = Release|Any CPU
		{DACC0F4C-4707-464A-99CA-AD93F84455EB}.Release|Any CPU.Build.0 = Release|Any CPU
		{E75B2F45-A7C3-4128-B165-0AF871FC8B57}.Debug|Any CPU.ActiveCfg = Debug|Any CPU
		{E75B2F45-A7C3-4128-B165-0AF871FC8B57}.Debug|Any CPU.Build.0 = Debug|Any CPU
		{E75B2F45-A7C3-4128-B165-0AF871FC8B57}.Release|Any CPU.ActiveCfg = Release|Any CPU
		{E75B2F45-A7C3-4128-B165-0AF871FC8B57}.Release|Any CPU.Build.0 = Release|Any CPU
		{D8026F0A-D24E-4793-83C8-88A6B17CBE65}.Debug|Any CPU.ActiveCfg = Debug|Any CPU
		{D8026F0A-D24E-4793-83C8-88A6B17CBE65}.Debug|Any CPU.Build.0 = Debug|Any CPU
		{D8026F0A-D24E-4793-83C8-88A6B17CBE65}.Release|Any CPU.ActiveCfg = Release|Any CPU
		{D8026F0A-D24E-4793-83C8-88A6B17CBE65}.Release|Any CPU.Build.0 = Release|Any CPU
		{B46149E7-6BE3-440F-9112-205C6A8D34EA}.Debug|Any CPU.ActiveCfg = Debug|Any CPU
		{B46149E7-6BE3-440F-9112-205C6A8D34EA}.Debug|Any CPU.Build.0 = Debug|Any CPU
		{B46149E7-6BE3-440F-9112-205C6A8D34EA}.Release|Any CPU.ActiveCfg = Release|Any CPU
		{B46149E7-6BE3-440F-9112-205C6A8D34EA}.Release|Any CPU.Build.0 = Release|Any CPU
		{52678F72-06A6-40B0-AF0B-E8328780A08C}.Debug|Any CPU.ActiveCfg = Debug|Any CPU
		{52678F72-06A6-40B0-AF0B-E8328780A08C}.Debug|Any CPU.Build.0 = Debug|Any CPU
		{52678F72-06A6-40B0-AF0B-E8328780A08C}.Release|Any CPU.ActiveCfg = Release|Any CPU
		{52678F72-06A6-40B0-AF0B-E8328780A08C}.Release|Any CPU.Build.0 = Release|Any CPU
		{77141E21-C24E-47DD-A638-B283AC935782}.Debug|Any CPU.ActiveCfg = Debug|Any CPU
		{77141E21-C24E-47DD-A638-B283AC935782}.Debug|Any CPU.Build.0 = Debug|Any CPU
		{77141E21-C24E-47DD-A638-B283AC935782}.Release|Any CPU.ActiveCfg = Release|Any CPU
		{77141E21-C24E-47DD-A638-B283AC935782}.Release|Any CPU.Build.0 = Release|Any CPU
		{0F212D67-0315-43B7-A430-9752113DC47C}.Debug|Any CPU.ActiveCfg = Debug|Any CPU
		{0F212D67-0315-43B7-A430-9752113DC47C}.Debug|Any CPU.Build.0 = Debug|Any CPU
		{0F212D67-0315-43B7-A430-9752113DC47C}.Release|Any CPU.ActiveCfg = Release|Any CPU
		{0F212D67-0315-43B7-A430-9752113DC47C}.Release|Any CPU.Build.0 = Release|Any CPU
		{6764856F-3D88-499F-8174-2CF790BC556F}.Debug|Any CPU.ActiveCfg = Debug|Any CPU
		{6764856F-3D88-499F-8174-2CF790BC556F}.Debug|Any CPU.Build.0 = Debug|Any CPU
		{6764856F-3D88-499F-8174-2CF790BC556F}.Release|Any CPU.ActiveCfg = Release|Any CPU
		{6764856F-3D88-499F-8174-2CF790BC556F}.Release|Any CPU.Build.0 = Release|Any CPU
		{7F0AB85C-1C8B-40FC-9B95-5A13865E6817}.Debug|Any CPU.ActiveCfg = Debug|Any CPU
		{7F0AB85C-1C8B-40FC-9B95-5A13865E6817}.Debug|Any CPU.Build.0 = Debug|Any CPU
		{7F0AB85C-1C8B-40FC-9B95-5A13865E6817}.Release|Any CPU.ActiveCfg = Release|Any CPU
		{7F0AB85C-1C8B-40FC-9B95-5A13865E6817}.Release|Any CPU.Build.0 = Release|Any CPU
		{AE9C6AA1-BEE0-4C83-B1B8-7E131A69E4B4}.Debug|Any CPU.ActiveCfg = Debug|Any CPU
		{AE9C6AA1-BEE0-4C83-B1B8-7E131A69E4B4}.Debug|Any CPU.Build.0 = Debug|Any CPU
		{AE9C6AA1-BEE0-4C83-B1B8-7E131A69E4B4}.Release|Any CPU.ActiveCfg = Release|Any CPU
		{AE9C6AA1-BEE0-4C83-B1B8-7E131A69E4B4}.Release|Any CPU.Build.0 = Release|Any CPU
		{5A891E27-D14D-481A-BED9-0418974435E9}.Debug|Any CPU.ActiveCfg = Debug|Any CPU
		{5A891E27-D14D-481A-BED9-0418974435E9}.Debug|Any CPU.Build.0 = Debug|Any CPU
		{5A891E27-D14D-481A-BED9-0418974435E9}.Release|Any CPU.ActiveCfg = Release|Any CPU
		{5A891E27-D14D-481A-BED9-0418974435E9}.Release|Any CPU.Build.0 = Release|Any CPU
		{40953CCC-8F2D-4769-BA6C-BE71BE50D68F}.Debug|Any CPU.ActiveCfg = Debug|Any CPU
		{40953CCC-8F2D-4769-BA6C-BE71BE50D68F}.Debug|Any CPU.Build.0 = Debug|Any CPU
		{40953CCC-8F2D-4769-BA6C-BE71BE50D68F}.Release|Any CPU.ActiveCfg = Release|Any CPU
		{40953CCC-8F2D-4769-BA6C-BE71BE50D68F}.Release|Any CPU.Build.0 = Release|Any CPU
		{924600A0-5AF6-4B3C-902F-A3667A783E16}.Debug|Any CPU.ActiveCfg = Debug|Any CPU
		{924600A0-5AF6-4B3C-902F-A3667A783E16}.Debug|Any CPU.Build.0 = Debug|Any CPU
		{924600A0-5AF6-4B3C-902F-A3667A783E16}.Release|Any CPU.ActiveCfg = Release|Any CPU
		{924600A0-5AF6-4B3C-902F-A3667A783E16}.Release|Any CPU.Build.0 = Release|Any CPU
		{9F01AC46-45A7-4FE9-9290-0880FCADF83C}.Debug|Any CPU.ActiveCfg = Debug|Any CPU
		{9F01AC46-45A7-4FE9-9290-0880FCADF83C}.Debug|Any CPU.Build.0 = Debug|Any CPU
		{9F01AC46-45A7-4FE9-9290-0880FCADF83C}.Release|Any CPU.ActiveCfg = Release|Any CPU
		{9F01AC46-45A7-4FE9-9290-0880FCADF83C}.Release|Any CPU.Build.0 = Release|Any CPU
	EndGlobalSection
	GlobalSection(SolutionProperties) = preSolution
		HideSolutionNode = FALSE
	EndGlobalSection
	GlobalSection(NestedProjects) = preSolution
		{7D5201A2-598F-47B0-94C8-9A41202D9FA8} = {2012DD15-E9CF-4514-99C0-1AD061F8A7E9}
		{00525BB4-6884-4264-BBC7-DA08319E796F} = {2012DD15-E9CF-4514-99C0-1AD061F8A7E9}
		{BE85D1D4-F61A-429B-AF41-1B64BA5F3177} = {50E0D745-170B-4659-8620-E4B49DE84102}
		{04B583AA-8B99-452B-B2FD-0EB644BBF297} = {BE85D1D4-F61A-429B-AF41-1B64BA5F3177}
		{83646FA0-CFF7-4269-A16A-F6ECDF536C71} = {04B583AA-8B99-452B-B2FD-0EB644BBF297}
		{7E4F508C-78C5-44D7-90FC-F44F789DFCAD} = {04B583AA-8B99-452B-B2FD-0EB644BBF297}
		{A78F1AAE-6CDE-48F3-8ABC-5EB2165C6533} = {2012DD15-E9CF-4514-99C0-1AD061F8A7E9}
		{3FFD15A5-7696-4AD4-8D68-9FFA66249104} = {04B583AA-8B99-452B-B2FD-0EB644BBF297}
		{D70269AE-91C0-4CA7-8491-7BE05555ECF6} = {04B583AA-8B99-452B-B2FD-0EB644BBF297}
		{003FA35C-FE8D-48E9-962C-2325421DE279} = {D70269AE-91C0-4CA7-8491-7BE05555ECF6}
		{1F1CDA48-A3D7-4932-B06B-52F45A806137} = {D70269AE-91C0-4CA7-8491-7BE05555ECF6}
		{CD83F0CD-E440-4A1A-BF1A-E235D0A4096D} = {04B583AA-8B99-452B-B2FD-0EB644BBF297}
		{E9D5E3B5-22CA-4F15-93C2-45B898DC6B0A} = {CD83F0CD-E440-4A1A-BF1A-E235D0A4096D}
		{51EC0EC3-A616-40DD-9FA0-FC55A563A964} = {CD83F0CD-E440-4A1A-BF1A-E235D0A4096D}
		{40F56A27-A822-470B-977D-490FFB9D7A1C} = {04B583AA-8B99-452B-B2FD-0EB644BBF297}
		{DACC0F4C-4707-464A-99CA-AD93F84455EB} = {40F56A27-A822-470B-977D-490FFB9D7A1C}
		{E75B2F45-A7C3-4128-B165-0AF871FC8B57} = {40F56A27-A822-470B-977D-490FFB9D7A1C}
		{D8026F0A-D24E-4793-83C8-88A6B17CBE65} = {2012DD15-E9CF-4514-99C0-1AD061F8A7E9}
		{23F79171-E4D8-47A1-A7E2-7A62BF5A5DE0} = {BE85D1D4-F61A-429B-AF41-1B64BA5F3177}
		{B46149E7-6BE3-440F-9112-205C6A8D34EA} = {36AB7A70-AD5B-497B-A83E-F573FA11D324}
		{36AB7A70-AD5B-497B-A83E-F573FA11D324} = {23F79171-E4D8-47A1-A7E2-7A62BF5A5DE0}
		{52678F72-06A6-40B0-AF0B-E8328780A08C} = {36AB7A70-AD5B-497B-A83E-F573FA11D324}
		{90AC4B4A-C81A-496F-B1E7-BB33E37AB537} = {23F79171-E4D8-47A1-A7E2-7A62BF5A5DE0}
		{77141E21-C24E-47DD-A638-B283AC935782} = {90AC4B4A-C81A-496F-B1E7-BB33E37AB537}
		{0F212D67-0315-43B7-A430-9752113DC47C} = {90AC4B4A-C81A-496F-B1E7-BB33E37AB537}
		{6764856F-3D88-499F-8174-2CF790BC556F} = {BE85D1D4-F61A-429B-AF41-1B64BA5F3177}
		{7049656C-7AF8-4AFF-B311-559A5BEEC548} = {23F79171-E4D8-47A1-A7E2-7A62BF5A5DE0}
		{7F0AB85C-1C8B-40FC-9B95-5A13865E6817} = {7049656C-7AF8-4AFF-B311-559A5BEEC548}
		{AE9C6AA1-BEE0-4C83-B1B8-7E131A69E4B4} = {7049656C-7AF8-4AFF-B311-559A5BEEC548}
		{5A891E27-D14D-481A-BED9-0418974435E9} = {7049656C-7AF8-4AFF-B311-559A5BEEC548}
		{40953CCC-8F2D-4769-BA6C-BE71BE50D68F} = {7049656C-7AF8-4AFF-B311-559A5BEEC548}
		{17765B10-5126-4312-84F9-E26C6C1B8C5E} = {23F79171-E4D8-47A1-A7E2-7A62BF5A5DE0}
		{924600A0-5AF6-4B3C-902F-A3667A783E16} = {17765B10-5126-4312-84F9-E26C6C1B8C5E}
		{9F01AC46-45A7-4FE9-9290-0880FCADF83C} = {17765B10-5126-4312-84F9-E26C6C1B8C5E}
	EndGlobalSection
EndGlobal
